// !$*UTF8*$!
{
	archiveVersion = 1;
	classes = {
	};
	objectVersion = 55;
	objects = {

/* Begin PBXBuildFile section */
		D099246A289264E7008112DB /* enumPractice0App.swift in Sources */ = {isa = PBXBuildFile; fileRef = D0992469289264E7008112DB /* enumPractice0App.swift */; };
		D099246C289264E7008112DB /* ContentView.swift in Sources */ = {isa = PBXBuildFile; fileRef = D099246B289264E7008112DB /* ContentView.swift */; };
		D099246E289264E8008112DB /* Assets.xcassets in Resources */ = {isa = PBXBuildFile; fileRef = D099246D289264E8008112DB /* Assets.xcassets */; };
		D0992471289264E8008112DB /* Preview Assets.xcassets in Resources */ = {isa = PBXBuildFile; fileRef = D0992470289264E8008112DB /* Preview Assets.xcassets */; };
		D099247C289264E8008112DB /* enumPractice0Tests.swift in Sources */ = {isa = PBXBuildFile; fileRef = D099247B289264E8008112DB /* enumPractice0Tests.swift */; };
		D0992486289264E8008112DB /* enumPractice0UITests.swift in Sources */ = {isa = PBXBuildFile; fileRef = D0992485289264E8008112DB /* enumPractice0UITests.swift */; };
		D0992488289264E8008112DB /* enumPractice0UITestsLaunchTests.swift in Sources */ = {isa = PBXBuildFile; fileRef = D0992487289264E8008112DB /* enumPractice0UITestsLaunchTests.swift */; };
/* End PBXBuildFile section */

/* Begin PBXContainerItemProxy section */
		D0992478289264E8008112DB /* PBXContainerItemProxy */ = {
			isa = PBXContainerItemProxy;
			containerPortal = D099245E289264E7008112DB /* Project object */;
			proxyType = 1;
			remoteGlobalIDString = D0992465289264E7008112DB;
			remoteInfo = enumPractice0;
		};
		D0992482289264E8008112DB /* PBXContainerItemProxy */ = {
			isa = PBXContainerItemProxy;
			containerPortal = D099245E289264E7008112DB /* Project object */;
			proxyType = 1;
			remoteGlobalIDString = D0992465289264E7008112DB;
			remoteInfo = enumPractice0;
		};
/* End PBXContainerItemProxy section */

/* Begin PBXFileReference section */
		D0992466289264E7008112DB /* enumPractice0.app */ = {isa = PBXFileReference; explicitFileType = wrapper.application; includeInIndex = 0; path = enumPractice0.app; sourceTree = BUILT_PRODUCTS_DIR; };
		D0992469289264E7008112DB /* enumPractice0App.swift */ = {isa = PBXFileReference; lastKnownFileType = sourcecode.swift; path = enumPractice0App.swift; sourceTree = "<group>"; };
		D099246B289264E7008112DB /* ContentView.swift */ = {isa = PBXFileReference; lastKnownFileType = sourcecode.swift; path = ContentView.swift; sourceTree = "<group>"; };
		D099246D289264E8008112DB /* Assets.xcassets */ = {isa = PBXFileReference; lastKnownFileType = folder.assetcatalog; path = Assets.xcassets; sourceTree = "<group>"; };
		D0992470289264E8008112DB /* Preview Assets.xcassets */ = {isa = PBXFileReference; lastKnownFileType = folder.assetcatalog; path = "Preview Assets.xcassets"; sourceTree = "<group>"; };
		D0992472289264E8008112DB /* enumPractice0.entitlements */ = {isa = PBXFileReference; lastKnownFileType = text.plist.entitlements; path = enumPractice0.entitlements; sourceTree = "<group>"; };
		D0992477289264E8008112DB /* enumPractice0Tests.xctest */ = {isa = PBXFileReference; explicitFileType = wrapper.cfbundle; includeInIndex = 0; path = enumPractice0Tests.xctest; sourceTree = BUILT_PRODUCTS_DIR; };
		D099247B289264E8008112DB /* enumPractice0Tests.swift */ = {isa = PBXFileReference; lastKnownFileType = sourcecode.swift; path = enumPractice0Tests.swift; sourceTree = "<group>"; };
		D0992481289264E8008112DB /* enumPractice0UITests.xctest */ = {isa = PBXFileReference; explicitFileType = wrapper.cfbundle; includeInIndex = 0; path = enumPractice0UITests.xctest; sourceTree = BUILT_PRODUCTS_DIR; };
		D0992485289264E8008112DB /* enumPractice0UITests.swift */ = {isa = PBXFileReference; lastKnownFileType = sourcecode.swift; path = enumPractice0UITests.swift; sourceTree = "<group>"; };
		D0992487289264E8008112DB /* enumPractice0UITestsLaunchTests.swift */ = {isa = PBXFileReference; lastKnownFileType = sourcecode.swift; path = enumPractice0UITestsLaunchTests.swift; sourceTree = "<group>"; };
/* End PBXFileReference section */

/* Begin PBXFrameworksBuildPhase section */
		D0992463289264E7008112DB /* Frameworks */ = {
			isa = PBXFrameworksBuildPhase;
			buildActionMask = 2147483647;
			files = (
			);
			runOnlyForDeploymentPostprocessing = 0;
		};
		D0992474289264E8008112DB /* Frameworks */ = {
			isa = PBXFrameworksBuildPhase;
			buildActionMask = 2147483647;
			files = (
			);
			runOnlyForDeploymentPostprocessing = 0;
		};
		D099247E289264E8008112DB /* Frameworks */ = {
			isa = PBXFrameworksBuildPhase;
			buildActionMask = 2147483647;
			files = (
			);
			runOnlyForDeploymentPostprocessing = 0;
		};
/* End PBXFrameworksBuildPhase section */

/* Begin PBXGroup section */
		D099245D289264E7008112DB = {
			isa = PBXGroup;
			children = (
				D0992468289264E7008112DB /* enumPractice0 */,
				D099247A289264E8008112DB /* enumPractice0Tests */,
				D0992484289264E8008112DB /* enumPractice0UITests */,
				D0992467289264E7008112DB /* Products */,
			);
			sourceTree = "<group>";
		};
		D0992467289264E7008112DB /* Products */ = {
			isa = PBXGroup;
			children = (
				D0992466289264E7008112DB /* enumPractice0.app */,
				D0992477289264E8008112DB /* enumPractice0Tests.xctest */,
				D0992481289264E8008112DB /* enumPractice0UITests.xctest */,
			);
			name = Products;
			sourceTree = "<group>";
		};
		D0992468289264E7008112DB /* enumPractice0 */ = {
			isa = PBXGroup;
			children = (
				D0992469289264E7008112DB /* enumPractice0App.swift */,
				D099246B289264E7008112DB /* ContentView.swift */,
				D099246D289264E8008112DB /* Assets.xcassets */,
				D0992472289264E8008112DB /* enumPractice0.entitlements */,
				D099246F289264E8008112DB /* Preview Content */,
			);
			path = enumPractice0;
			sourceTree = "<group>";
		};
		D099246F289264E8008112DB /* Preview Content */ = {
			isa = PBXGroup;
			children = (
				D0992470289264E8008112DB /* Preview Assets.xcassets */,
			);
			path = "Preview Content";
			sourceTree = "<group>";
		};
		D099247A289264E8008112DB /* enumPractice0Tests */ = {
			isa = PBXGroup;
			children = (
				D099247B289264E8008112DB /* enumPractice0Tests.swift */,
			);
			path = enumPractice0Tests;
			sourceTree = "<group>";
		};
		D0992484289264E8008112DB /* enumPractice0UITests */ = {
			isa = PBXGroup;
			children = (
				D0992485289264E8008112DB /* enumPractice0UITests.swift */,
				D0992487289264E8008112DB /* enumPractice0UITestsLaunchTests.swift */,
			);
			path = enumPractice0UITests;
			sourceTree = "<group>";
		};
/* End PBXGroup section */

/* Begin PBXNativeTarget section */
		D0992465289264E7008112DB /* enumPractice0 */ = {
			isa = PBXNativeTarget;
			buildConfigurationList = D099248B289264E8008112DB /* Build configuration list for PBXNativeTarget "enumPractice0" */;
			buildPhases = (
				D0992462289264E7008112DB /* Sources */,
				D0992463289264E7008112DB /* Frameworks */,
				D0992464289264E7008112DB /* Resources */,
			);
			buildRules = (
			);
			dependencies = (
			);
			name = enumPractice0;
			productName = enumPractice0;
			productReference = D0992466289264E7008112DB /* enumPractice0.app */;
			productType = "com.apple.product-type.application";
		};
		D0992476289264E8008112DB /* enumPractice0Tests */ = {
			isa = PBXNativeTarget;
			buildConfigurationList = D099248E289264E8008112DB /* Build configuration list for PBXNativeTarget "enumPractice0Tests" */;
			buildPhases = (
				D0992473289264E8008112DB /* Sources */,
				D0992474289264E8008112DB /* Frameworks */,
				D0992475289264E8008112DB /* Resources */,
			);
			buildRules = (
			);
			dependencies = (
				D0992479289264E8008112DB /* PBXTargetDependency */,
			);
			name = enumPractice0Tests;
			productName = enumPractice0Tests;
			productReference = D0992477289264E8008112DB /* enumPractice0Tests.xctest */;
			productType = "com.apple.product-type.bundle.unit-test";
		};
		D0992480289264E8008112DB /* enumPractice0UITests */ = {
			isa = PBXNativeTarget;
			buildConfigurationList = D0992491289264E8008112DB /* Build configuration list for PBXNativeTarget "enumPractice0UITests" */;
			buildPhases = (
				D099247D289264E8008112DB /* Sources */,
				D099247E289264E8008112DB /* Frameworks */,
				D099247F289264E8008112DB /* Resources */,
			);
			buildRules = (
			);
			dependencies = (
				D0992483289264E8008112DB /* PBXTargetDependency */,
			);
			name = enumPractice0UITests;
			productName = enumPractice0UITests;
			productReference = D0992481289264E8008112DB /* enumPractice0UITests.xctest */;
			productType = "com.apple.product-type.bundle.ui-testing";
		};
/* End PBXNativeTarget section */

/* Begin PBXProject section */
		D099245E289264E7008112DB /* Project object */ = {
			isa = PBXProject;
			attributes = {
				BuildIndependentTargetsInParallel = 1;
				LastSwiftUpdateCheck = 1340;
				LastUpgradeCheck = 1340;
				TargetAttributes = {
					D0992465289264E7008112DB = {
						CreatedOnToolsVersion = 13.4.1;
					};
					D0992476289264E8008112DB = {
						CreatedOnToolsVersion = 13.4.1;
						TestTargetID = D0992465289264E7008112DB;
					};
					D0992480289264E8008112DB = {
						CreatedOnToolsVersion = 13.4.1;
						TestTargetID = D0992465289264E7008112DB;
					};
				};
			};
			buildConfigurationList = D0992461289264E7008112DB /* Build configuration list for PBXProject "enumPractice0" */;
			compatibilityVersion = "Xcode 13.0";
			developmentRegion = en;
			hasScannedForEncodings = 0;
			knownRegions = (
				en,
				Base,
			);
			mainGroup = D099245D289264E7008112DB;
			productRefGroup = D0992467289264E7008112DB /* Products */;
			projectDirPath = "";
			projectRoot = "";
			targets = (
				D0992465289264E7008112DB /* enumPractice0 */,
				D0992476289264E8008112DB /* enumPractice0Tests */,
				D0992480289264E8008112DB /* enumPractice0UITests */,
			);
		};
/* End PBXProject section */

/* Begin PBXResourcesBuildPhase section */
		D0992464289264E7008112DB /* Resources */ = {
			isa = PBXResourcesBuildPhase;
			buildActionMask = 2147483647;
			files = (
				D0992471289264E8008112DB /* Preview Assets.xcassets in Resources */,
				D099246E289264E8008112DB /* Assets.xcassets in Resources */,
			);
			runOnlyForDeploymentPostprocessing = 0;
		};
		D0992475289264E8008112DB /* Resources */ = {
			isa = PBXResourcesBuildPhase;
			buildActionMask = 2147483647;
			files = (
			);
			runOnlyForDeploymentPostprocessing = 0;
		};
		D099247F289264E8008112DB /* Resources */ = {
			isa = PBXResourcesBuildPhase;
			buildActionMask = 2147483647;
			files = (
			);
			runOnlyForDeploymentPostprocessing = 0;
		};
/* End PBXResourcesBuildPhase section */

/* Begin PBXSourcesBuildPhase section */
		D0992462289264E7008112DB /* Sources */ = {
			isa = PBXSourcesBuildPhase;
			buildActionMask = 2147483647;
			files = (
				D099246C289264E7008112DB /* ContentView.swift in Sources */,
				D099246A289264E7008112DB /* enumPractice0App.swift in Sources */,
			);
			runOnlyForDeploymentPostprocessing = 0;
		};
		D0992473289264E8008112DB /* Sources */ = {
			isa = PBXSourcesBuildPhase;
			buildActionMask = 2147483647;
			files = (
				D099247C289264E8008112DB /* enumPractice0Tests.swift in Sources */,
			);
			runOnlyForDeploymentPostprocessing = 0;
		};
		D099247D289264E8008112DB /* Sources */ = {
			isa = PBXSourcesBuildPhase;
			buildActionMask = 2147483647;
			files = (
				D0992486289264E8008112DB /* enumPractice0UITests.swift in Sources */,
				D0992488289264E8008112DB /* enumPractice0UITestsLaunchTests.swift in Sources */,
			);
			runOnlyForDeploymentPostprocessing = 0;
		};
/* End PBXSourcesBuildPhase section */

/* Begin PBXTargetDependency section */
		D0992479289264E8008112DB /* PBXTargetDependency */ = {
			isa = PBXTargetDependency;
			target = D0992465289264E7008112DB /* enumPractice0 */;
			targetProxy = D0992478289264E8008112DB /* PBXContainerItemProxy */;
		};
		D0992483289264E8008112DB /* PBXTargetDependency */ = {
			isa = PBXTargetDependency;
			target = D0992465289264E7008112DB /* enumPractice0 */;
			targetProxy = D0992482289264E8008112DB /* PBXContainerItemProxy */;
		};
/* End PBXTargetDependency section */

/* Begin XCBuildConfiguration section */
		D0992489289264E8008112DB /* Debug */ = {
			isa = XCBuildConfiguration;
			buildSettings = {
				ALWAYS_SEARCH_USER_PATHS = NO;
				CLANG_ANALYZER_NONNULL = YES;
				CLANG_ANALYZER_NUMBER_OBJECT_CONVERSION = YES_AGGRESSIVE;
				CLANG_CXX_LANGUAGE_STANDARD = "gnu++17";
				CLANG_ENABLE_MODULES = YES;
				CLANG_ENABLE_OBJC_ARC = YES;
				CLANG_ENABLE_OBJC_WEAK = YES;
				CLANG_WARN_BLOCK_CAPTURE_AUTORELEASING = YES;
				CLANG_WARN_BOOL_CONVERSION = YES;
				CLANG_WARN_COMMA = YES;
				CLANG_WARN_CONSTANT_CONVERSION = YES;
				CLANG_WARN_DEPRECATED_OBJC_IMPLEMENTATIONS = YES;
				CLANG_WARN_DIRECT_OBJC_ISA_USAGE = YES_ERROR;
				CLANG_WARN_DOCUMENTATION_COMMENTS = YES;
				CLANG_WARN_EMPTY_BODY = YES;
				CLANG_WARN_ENUM_CONVERSION = YES;
				CLANG_WARN_INFINITE_RECURSION = YES;
				CLANG_WARN_INT_CONVERSION = YES;
				CLANG_WARN_NON_LITERAL_NULL_CONVERSION = YES;
				CLANG_WARN_OBJC_IMPLICIT_RETAIN_SELF = YES;
				CLANG_WARN_OBJC_LITERAL_CONVERSION = YES;
				CLANG_WARN_OBJC_ROOT_CLASS = YES_ERROR;
				CLANG_WARN_QUOTED_INCLUDE_IN_FRAMEWORK_HEADER = YES;
				CLANG_WARN_RANGE_LOOP_ANALYSIS = YES;
				CLANG_WARN_STRICT_PROTOTYPES = YES;
				CLANG_WARN_SUSPICIOUS_MOVE = YES;
				CLANG_WARN_UNGUARDED_AVAILABILITY = YES_AGGRESSIVE;
				CLANG_WARN_UNREACHABLE_CODE = YES;
				CLANG_WARN__DUPLICATE_METHOD_MATCH = YES;
				COPY_PHASE_STRIP = NO;
				DEBUG_INFORMATION_FORMAT = dwarf;
				ENABLE_STRICT_OBJC_MSGSEND = YES;
				ENABLE_TESTABILITY = YES;
				GCC_C_LANGUAGE_STANDARD = gnu11;
				GCC_DYNAMIC_NO_PIC = NO;
				GCC_NO_COMMON_BLOCKS = YES;
				GCC_OPTIMIZATION_LEVEL = 0;
				GCC_PREPROCESSOR_DEFINITIONS = (
					"DEBUG=1",
					"$(inherited)",
				);
				GCC_WARN_64_TO_32_BIT_CONVERSION = YES;
				GCC_WARN_ABOUT_RETURN_TYPE = YES_ERROR;
				GCC_WARN_UNDECLARED_SELECTOR = YES;
				GCC_WARN_UNINITIALIZED_AUTOS = YES_AGGRESSIVE;
				GCC_WARN_UNUSED_FUNCTION = YES;
				GCC_WARN_UNUSED_VARIABLE = YES;
				MACOSX_DEPLOYMENT_TARGET = 12.3;
				MTL_ENABLE_DEBUG_INFO = INCLUDE_SOURCE;
				MTL_FAST_MATH = YES;
				ONLY_ACTIVE_ARCH = YES;
				SDKROOT = macosx;
				SWIFT_ACTIVE_COMPILATION_CONDITIONS = DEBUG;
				SWIFT_OPTIMIZATION_LEVEL = "-Onone";
			};
			name = Debug;
		};
		D099248A289264E8008112DB /* Release */ = {
			isa = XCBuildConfiguration;
			buildSettings = {
				ALWAYS_SEARCH_USER_PATHS = NO;
				CLANG_ANALYZER_NONNULL = YES;
				CLANG_ANALYZER_NUMBER_OBJECT_CONVERSION = YES_AGGRESSIVE;
				CLANG_CXX_LANGUAGE_STANDARD = "gnu++17";
				CLANG_ENABLE_MODULES = YES;
				CLANG_ENABLE_OBJC_ARC = YES;
				CLANG_ENABLE_OBJC_WEAK = YES;
				CLANG_WARN_BLOCK_CAPTURE_AUTORELEASING = YES;
				CLANG_WARN_BOOL_CONVERSION = YES;
				CLANG_WARN_COMMA = YES;
				CLANG_WARN_CONSTANT_CONVERSION = YES;
				CLANG_WARN_DEPRECATED_OBJC_IMPLEMENTATIONS = YES;
				CLANG_WARN_DIRECT_OBJC_ISA_USAGE = YES_ERROR;
				CLANG_WARN_DOCUMENTATION_COMMENTS = YES;
				CLANG_WARN_EMPTY_BODY = YES;
				CLANG_WARN_ENUM_CONVERSION = YES;
				CLANG_WARN_INFINITE_RECURSION = YES;
				CLANG_WARN_INT_CONVERSION = YES;
				CLANG_WARN_NON_LITERAL_NULL_CONVERSION = YES;
				CLANG_WARN_OBJC_IMPLICIT_RETAIN_SELF = YES;
				CLANG_WARN_OBJC_LITERAL_CONVERSION = YES;
				CLANG_WARN_OBJC_ROOT_CLASS = YES_ERROR;
				CLANG_WARN_QUOTED_INCLUDE_IN_FRAMEWORK_HEADER = YES;
				CLANG_WARN_RANGE_LOOP_ANALYSIS = YES;
				CLANG_WARN_STRICT_PROTOTYPES = YES;
				CLANG_WARN_SUSPICIOUS_MOVE = YES;
				CLANG_WARN_UNGUARDED_AVAILABILITY = YES_AGGRESSIVE;
				CLANG_WARN_UNREACHABLE_CODE = YES;
				CLANG_WARN__DUPLICATE_METHOD_MATCH = YES;
				COPY_PHASE_STRIP = NO;
				DEBUG_INFORMATION_FORMAT = "dwarf-with-dsym";
				ENABLE_NS_ASSERTIONS = NO;
				ENABLE_STRICT_OBJC_MSGSEND = YES;
				GCC_C_LANGUAGE_STANDARD = gnu11;
				GCC_NO_COMMON_BLOCKS = YES;
				GCC_WARN_64_TO_32_BIT_CONVERSION = YES;
				GCC_WARN_ABOUT_RETURN_TYPE = YES_ERROR;
				GCC_WARN_UNDECLARED_SELECTOR = YES;
				GCC_WARN_UNINITIALIZED_AUTOS = YES_AGGRESSIVE;
				GCC_WARN_UNUSED_FUNCTION = YES;
				GCC_WARN_UNUSED_VARIABLE = YES;
				MACOSX_DEPLOYMENT_TARGET = 12.3;
				MTL_ENABLE_DEBUG_INFO = NO;
				MTL_FAST_MATH = YES;
				SDKROOT = macosx;
				SWIFT_COMPILATION_MODE = wholemodule;
				SWIFT_OPTIMIZATION_LEVEL = "-O";
			};
			name = Release;
		};
		D099248C289264E8008112DB /* Debug */ = {
			isa = XCBuildConfiguration;
			buildSettings = {
				ASSETCATALOG_COMPILER_APPICON_NAME = AppIcon;
				ASSETCATALOG_COMPILER_GLOBAL_ACCENT_COLOR_NAME = AccentColor;
				CODE_SIGN_ENTITLEMENTS = enumPractice0/enumPractice0.entitlements;
				CODE_SIGN_STYLE = Automatic;
				COMBINE_HIDPI_IMAGES = YES;
				CURRENT_PROJECT_VERSION = 1;
				DEVELOPMENT_ASSET_PATHS = "\"enumPractice0/Preview Content\"";
				ENABLE_PREVIEWS = YES;
				GENERATE_INFOPLIST_FILE = YES;
				INFOPLIST_KEY_NSHumanReadableCopyright = "";
				LD_RUNPATH_SEARCH_PATHS = (
					"$(inherited)",
					"@executable_path/../Frameworks",
				);
				MARKETING_VERSION = 1.0;
				PRODUCT_BUNDLE_IDENTIFIER = stu.inu.201802766.enumPractice0;
				PRODUCT_NAME = "$(TARGET_NAME)";
				SWIFT_EMIT_LOC_STRINGS = YES;
				SWIFT_VERSION = 5.0;
			};
			name = Debug;
		};
		D099248D289264E8008112DB /* Release */ = {
			isa = XCBuildConfiguration;
			buildSettings = {
				ASSETCATALOG_COMPILER_APPICON_NAME = AppIcon;
				ASSETCATALOG_COMPILER_GLOBAL_ACCENT_COLOR_NAME = AccentColor;
				CODE_SIGN_ENTITLEMENTS = enumPractice0/enumPractice0.entitlements;
				CODE_SIGN_STYLE = Automatic;
				COMBINE_HIDPI_IMAGES = YES;
				CURRENT_PROJECT_VERSION = 1;
				DEVELOPMENT_ASSET_PATHS = "\"enumPractice0/Preview Content\"";
				ENABLE_PREVIEWS = YES;
				GENERATE_INFOPLIST_FILE = YES;
				INFOPLIST_KEY_NSHumanReadableCopyright = "";
				LD_RUNPATH_SEARCH_PATHS = (
					"$(inherited)",
					"@executable_path/../Frameworks",
				);
				MARKETING_VERSION = 1.0;
				PRODUCT_BUNDLE_IDENTIFIER = stu.inu.201802766.enumPractice0;
				PRODUCT_NAME = "$(TARGET_NAME)";
				SWIFT_EMIT_LOC_STRINGS = YES;
				SWIFT_VERSION = 5.0;
			};
			name = Release;
		};
		D099248F289264E8008112DB /* Debug */ = {
			isa = XCBuildConfiguration;
			buildSettings = {
				ALWAYS_EMBED_SWIFT_STANDARD_LIBRARIES = YES;
				BUNDLE_LOADER = "$(TEST_HOST)";
				CODE_SIGN_STYLE = Automatic;
				CURRENT_PROJECT_VERSION = 1;
				GENERATE_INFOPLIST_FILE = YES;
				MACOSX_DEPLOYMENT_TARGET = 12.3;
				MARKETING_VERSION = 1.0;
				PRODUCT_BUNDLE_IDENTIFIER = stu.inu.201802766.enumPractice0Tests;
				PRODUCT_NAME = "$(TARGET_NAME)";
				SWIFT_EMIT_LOC_STRINGS = NO;
				SWIFT_VERSION = 5.0;
				TEST_HOST = "$(BUILT_PRODUCTS_DIR)/enumPractice0.app/Contents/MacOS/enumPractice0";
			};
			name = Debug;
		};
		D0992490289264E8008112DB /* Release */ = {
			isa = XCBuildConfiguration;
			buildSettings = {
				ALWAYS_EMBED_SWIFT_STANDARD_LIBRARIES = YES;
				BUNDLE_LOADER = "$(TEST_HOST)";
				CODE_SIGN_STYLE = Automatic;
				CURRENT_PROJECT_VERSION = 1;
				GENERATE_INFOPLIST_FILE = YES;
				MACOSX_DEPLOYMENT_TARGET = 12.3;
				MARKETING_VERSION = 1.0;
				PRODUCT_BUNDLE_IDENTIFIER = stu.inu.201802766.enumPractice0Tests;
				PRODUCT_NAME = "$(TARGET_NAME)";
				SWIFT_EMIT_LOC_STRINGS = NO;
				SWIFT_VERSION = 5.0;
				TEST_HOST = "$(BUILT_PRODUCTS_DIR)/enumPractice0.app/Contents/MacOS/enumPractice0";
			};
			name = Release;
		};
		D0992492289264E8008112DB /* Debug */ = {
			isa = XCBuildConfiguration;
			buildSettings = {
				ALWAYS_EMBED_SWIFT_STANDARD_LIBRARIES = YES;
				CODE_SIGN_STYLE = Automatic;
				CURRENT_PROJECT_VERSION = 1;
				GENERATE_INFOPLIST_FILE = YES;
				MARKETING_VERSION = 1.0;
				PRODUCT_BUNDLE_IDENTIFIER = stu.inu.201802766.enumPractice0UITests;
				PRODUCT_NAME = "$(TARGET_NAME)";
				SWIFT_EMIT_LOC_STRINGS = NO;
				SWIFT_VERSION = 5.0;
				TEST_TARGET_NAME = enumPractice0;
			};
			name = Debug;
		};
		D0992493289264E8008112DB /* Release */ = {
			isa = XCBuildConfiguration;
			buildSettings = {
				ALWAYS_EMBED_SWIFT_STANDARD_LIBRARIES = YES;
				CODE_SIGN_STYLE = Automatic;
				CURRENT_PROJECT_VERSION = 1;
				GENERATE_INFOPLIST_FILE = YES;
				MARKETING_VERSION = 1.0;
				PRODUCT_BUNDLE_IDENTIFIER = stu.inu.201802766.enumPractice0UITests;
				PRODUCT_NAME = "$(TARGET_NAME)";
				SWIFT_EMIT_LOC_STRINGS = NO;
				SWIFT_VERSION = 5.0;
				TEST_TARGET_NAME = enumPractice0;
			};
			name = Release;
		};
/* End XCBuildConfiguration section */

/* Begin XCConfigurationList section */
		D0992461289264E7008112DB /* Build configuration list for PBXProject "enumPractice0" */ = {
			isa = XCConfigurationList;
			buildConfigurations = (
				D0992489289264E8008112DB /* Debug */,
				D099248A289264E8008112DB /* Release */,
			);
			defaultConfigurationIsVisible = 0;
			defaultConfigurationName = Release;
		};
		D099248B289264E8008112DB /* Build configuration list for PBXNativeTarget "enumPractice0" */ = {
			isa = XCConfigurationList;
			buildConfigurations = (
				D099248C289264E8008112DB /* Debug */,
				D099248D289264E8008112DB /* Release */,
			);
			defaultConfigurationIsVisible = 0;
			defaultConfigurationName = Release;
		};
		D099248E289264E8008112DB /* Build configuration list for PBXNativeTarget "enumPractice0Tests" */ = {
			isa = XCConfigurationList;
			buildConfigurations = (
				D099248F289264E8008112DB /* Debug */,
				D0992490289264E8008112DB /* Release */,
			);
			defaultConfigurationIsVisible = 0;
			defaultConfigurationName = Release;
		};
		D0992491289264E8008112DB /* Build configuration list for PBXNativeTarget "enumPractice0UITests" */ = {
			isa = XCConfigurationList;
			buildConfigurations = (
				D0992492289264E8008112DB /* Debug */,
				D0992493289264E8008112DB /* Release */,
			);
			defaultConfigurationIsVisible = 0;
			defaultConfigurationName = Release;
		};
/* End XCConfigurationList section */
	};
	rootObject = D099245E289264E7008112DB /* Project object */;
}
